
Microsoft Visual Studio Solution File, Format Version 12.00
# Visual Studio Version 17
VisualStudioVersion = 17.14.36429.23 d17.14
MinimumVisualStudioVersion = 10.0.40219.1
Project("{FAE04EC0-301F-11D3-BF4B-00C04F79EFBC}") = "modul 1.2", "modul 1.2\modul 1.2.csproj", "{8FEE71CB-517C-4FA2-BF9F-A607433FB18E}"
EndProject
Project("{FAE04EC0-301F-11D3-BF4B-00C04F79EFBC}") = "mod 1.2.2", "mod 1.2.2\mod 1.2.2.csproj", "{675A65F7-F8E9-49E9-B0C4-3C3BDC1F8BF1}"
EndProject
Project("{FAE04EC0-301F-11D3-BF4B-00C04F79EFBC}") = "modul 1.2.3", "modul 1.2.3\modul 1.2.3.csproj", "{08156E99-B2AB-4390-B370-1E8D4177682F}"
EndProject
Project("{FAE04EC0-301F-11D3-BF4B-00C04F79EFBC}") = "modul 1.2.4", "modul 1.2.4\modul 1.2.4.csproj", "{B4F675AB-6E52-49AC-AED7-D05ADB1D2795}"
EndProject
Project("{FAE04EC0-301F-11D3-BF4B-00C04F79EFBC}") = "modil 1.2.5", "modil 1.2.5\modil 1.2.5.csproj", "{37974D58-A1CB-4AC0-960C-900ED7B3B58F}"
EndProject
Project("{FAE04EC0-301F-11D3-BF4B-00C04F79EFBC}") = "modul 1.2.6", "modul 1.2.6\modul 1.2.6.csproj", "{03D1F3A1-A1E3-4B6C-ACCA-522A3CF254F7}"
EndProject
Global
	GlobalSection(SolutionConfigurationPlatforms) = preSolution
		Debug|Any CPU = Debug|Any CPU
		Release|Any CPU = Release|Any CPU
	EndGlobalSection
	GlobalSection(ProjectConfigurationPlatforms) = postSolution
		{8FEE71CB-517C-4FA2-BF9F-A607433FB18E}.Debug|Any CPU.ActiveCfg = Debug|Any CPU
		{8FEE71CB-517C-4FA2-BF9F-A607433FB18E}.Debug|Any CPU.Build.0 = Debug|Any CPU
		{8FEE71CB-517C-4FA2-BF9F-A607433FB18E}.Release|Any CPU.ActiveCfg = Release|Any CPU
		{8FEE71CB-517C-4FA2-BF9F-A607433FB18E}.Release|Any CPU.Build.0 = Release|Any CPU
		{675A65F7-F8E9-49E9-B0C4-3C3BDC1F8BF1}.Debug|Any CPU.ActiveCfg = Debug|Any CPU
		{675A65F7-F8E9-49E9-B0C4-3C3BDC1F8BF1}.Debug|Any CPU.Build.0 = Debug|Any CPU
		{675A65F7-F8E9-49E9-B0C4-3C3BDC1F8BF1}.Release|Any CPU.ActiveCfg = Release|Any CPU
		{675A65F7-F8E9-49E9-B0C4-3C3BDC1F8BF1}.Release|Any CPU.Build.0 = Release|Any CPU
		{08156E99-B2AB-4390-B370-1E8D4177682F}.Debug|Any CPU.ActiveCfg = Debug|Any CPU
		{08156E99-B2AB-4390-B370-1E8D4177682F}.Debug|Any CPU.Build.0 = Debug|Any CPU
		{08156E99-B2AB-4390-B370-1E8D4177682F}.Release|Any CPU.ActiveCfg = Release|Any CPU
		{08156E99-B2AB-4390-B370-1E8D4177682F}.Release|Any CPU.Build.0 = Release|Any CPU
		{B4F675AB-6E52-49AC-AED7-D05ADB1D2795}.Debug|Any CPU.ActiveCfg = Debug|Any CPU
		{B4F675AB-6E52-49AC-AED7-D05ADB1D2795}.Debug|Any CPU.Build.0 = Debug|Any CPU
		{B4F675AB-6E52-49AC-AED7-D05ADB1D2795}.Release|Any CPU.ActiveCfg = Release|Any CPU
		{B4F675AB-6E52-49AC-AED7-D05ADB1D2795}.Release|Any CPU.Build.0 = Release|Any CPU
		{37974D58-A1CB-4AC0-960C-900ED7B3B58F}.Debug|Any CPU.ActiveCfg = Debug|Any CPU
		{37974D58-A1CB-4AC0-960C-900ED7B3B58F}.Debug|Any CPU.Build.0 = Debug|Any CPU
		{37974D58-A1CB-4AC0-960C-900ED7B3B58F}.Release|Any CPU.ActiveCfg = Release|Any CPU
		{37974D58-A1CB-4AC0-960C-900ED7B3B58F}.Release|Any CPU.Build.0 = Release|Any CPU
		{03D1F3A1-A1E3-4B6C-ACCA-522A3CF254F7}.Debug|Any CPU.ActiveCfg = Debug|Any CPU
		{03D1F3A1-A1E3-4B6C-ACCA-522A3CF254F7}.Debug|Any CPU.Build.0 = Debug|Any CPU
		{03D1F3A1-A1E3-4B6C-ACCA-522A3CF254F7}.Release|Any CPU.ActiveCfg = Release|Any CPU
		{03D1F3A1-A1E3-4B6C-ACCA-522A3CF254F7}.Release|Any CPU.Build.0 = Release|Any CPU
	EndGlobalSection
	GlobalSection(SolutionProperties) = preSolution
		HideSolutionNode = FALSE
	EndGlobalSection
	GlobalSection(ExtensibilityGlobals) = postSolution
		SolutionGuid = {62EC9E04-A718-4D27-8E1F-ED02CA7A55A9}
	EndGlobalSection
EndGlobal
