
Microsoft Visual Studio Solution File, Format Version 12.00
# Visual Studio Version 17
VisualStudioVersion = 17.14.36429.23 d17.14
MinimumVisualStudioVersion = 10.0.40219.1
Project("{FAE04EC0-301F-11D3-BF4B-00C04F79EFBC}") = "Задание 1", "Задание 1\Задание 1.csproj", "{7FDA36C6-8194-4E5B-8906-2F19AA52DD07}"
EndProject
Project("{FAE04EC0-301F-11D3-BF4B-00C04F79EFBC}") = "Задание 2", "Задание 2\Задание 2.csproj", "{D2F39109-1F01-41C4-B6E0-ED656CFDDC6F}"
EndProject
Project("{FAE04EC0-301F-11D3-BF4B-00C04F79EFBC}") = "Задание 3", "Задание 3\Задание 3.csproj", "{E646543A-BFE4-43DF-A661-7EF13F2DB983}"
EndProject
Global
	GlobalSection(SolutionConfigurationPlatforms) = preSolution
		Debug|Any CPU = Debug|Any CPU
		Release|Any CPU = Release|Any CPU
	EndGlobalSection
	GlobalSection(ProjectConfigurationPlatforms) = postSolution
		{7FDA36C6-8194-4E5B-8906-2F19AA52DD07}.Debug|Any CPU.ActiveCfg = Debug|Any CPU
		{7FDA36C6-8194-4E5B-8906-2F19AA52DD07}.Debug|Any CPU.Build.0 = Debug|Any CPU
		{7FDA36C6-8194-4E5B-8906-2F19AA52DD07}.Release|Any CPU.ActiveCfg = Release|Any CPU
		{7FDA36C6-8194-4E5B-8906-2F19AA52DD07}.Release|Any CPU.Build.0 = Release|Any CPU
		{D2F39109-1F01-41C4-B6E0-ED656CFDDC6F}.Debug|Any CPU.ActiveCfg = Debug|Any CPU
		{D2F39109-1F01-41C4-B6E0-ED656CFDDC6F}.Debug|Any CPU.Build.0 = Debug|Any CPU
		{D2F39109-1F01-41C4-B6E0-ED656CFDDC6F}.Release|Any CPU.ActiveCfg = Release|Any CPU
		{D2F39109-1F01-41C4-B6E0-ED656CFDDC6F}.Release|Any CPU.Build.0 = Release|Any CPU
		{E646543A-BFE4-43DF-A661-7EF13F2DB983}.Debug|Any CPU.ActiveCfg = Debug|Any CPU
		{E646543A-BFE4-43DF-A661-7EF13F2DB983}.Debug|Any CPU.Build.0 = Debug|Any CPU
		{E646543A-BFE4-43DF-A661-7EF13F2DB983}.Release|Any CPU.ActiveCfg = Release|Any CPU
		{E646543A-BFE4-43DF-A661-7EF13F2DB983}.Release|Any CPU.Build.0 = Release|Any CPU
	EndGlobalSection
	GlobalSection(SolutionProperties) = preSolution
		HideSolutionNode = FALSE
	EndGlobalSection
	GlobalSection(ExtensibilityGlobals) = postSolution
		SolutionGuid = {521D8058-405F-4538-A4E0-6B355F4ED4D5}
	EndGlobalSection
EndGlobal
