
Microsoft Visual Studio Solution File, Format Version 12.00
# Visual Studio Version 17
VisualStudioVersion = 17.14.36429.23 d17.14
MinimumVisualStudioVersion = 10.0.40219.1
Project("{FAE04EC0-301F-11D3-BF4B-00C04F79EFBC}") = "modul 1.3", "modul 1.3\modul 1.3.csproj", "{7720D6AD-CED6-4FA4-AD22-C144AF19C739}"
EndProject
Project("{FAE04EC0-301F-11D3-BF4B-00C04F79EFBC}") = "modul 1.3.2", "modul 1.3.2\modul 1.3.2.csproj", "{7D95DAC8-88F0-4406-887C-C4761FF294BB}"
EndProject
Project("{FAE04EC0-301F-11D3-BF4B-00C04F79EFBC}") = "modul 1.3.3", "modul 1.3.3\modul 1.3.3.csproj", "{F3077429-F102-4088-8361-B4687767519A}"
EndProject
Global
	GlobalSection(SolutionConfigurationPlatforms) = preSolution
		Debug|Any CPU = Debug|Any CPU
		Release|Any CPU = Release|Any CPU
	EndGlobalSection
	GlobalSection(ProjectConfigurationPlatforms) = postSolution
		{7720D6AD-CED6-4FA4-AD22-C144AF19C739}.Debug|Any CPU.ActiveCfg = Debug|Any CPU
		{7720D6AD-CED6-4FA4-AD22-C144AF19C739}.Debug|Any CPU.Build.0 = Debug|Any CPU
		{7720D6AD-CED6-4FA4-AD22-C144AF19C739}.Release|Any CPU.ActiveCfg = Release|Any CPU
		{7720D6AD-CED6-4FA4-AD22-C144AF19C739}.Release|Any CPU.Build.0 = Release|Any CPU
		{7D95DAC8-88F0-4406-887C-C4761FF294BB}.Debug|Any CPU.ActiveCfg = Debug|Any CPU
		{7D95DAC8-88F0-4406-887C-C4761FF294BB}.Debug|Any CPU.Build.0 = Debug|Any CPU
		{7D95DAC8-88F0-4406-887C-C4761FF294BB}.Release|Any CPU.ActiveCfg = Release|Any CPU
		{7D95DAC8-88F0-4406-887C-C4761FF294BB}.Release|Any CPU.Build.0 = Release|Any CPU
		{F3077429-F102-4088-8361-B4687767519A}.Debug|Any CPU.ActiveCfg = Debug|Any CPU
		{F3077429-F102-4088-8361-B4687767519A}.Debug|Any CPU.Build.0 = Debug|Any CPU
		{F3077429-F102-4088-8361-B4687767519A}.Release|Any CPU.ActiveCfg = Release|Any CPU
		{F3077429-F102-4088-8361-B4687767519A}.Release|Any CPU.Build.0 = Release|Any CPU
	EndGlobalSection
	GlobalSection(SolutionProperties) = preSolution
		HideSolutionNode = FALSE
	EndGlobalSection
	GlobalSection(ExtensibilityGlobals) = postSolution
		SolutionGuid = {937E9BCF-9C7D-436C-8C4B-2FD5CB090BA6}
	EndGlobalSection
EndGlobal
